
Microsoft Visual Studio Solution File, Format Version 12.00
# Visual Studio 15
VisualStudioVersion = 15.0.27428.2002
MinimumVisualStudioVersion = 10.0.40219.1
Project("{FAE04EC0-301F-11D3-BF4B-00C04F79EFBC}") = "HWApp.Android", "HWApp\HWApp.Android\HWApp.Android.csproj", "{849C3343-A1C3-42CA-B0D4-6D5D9DE095EC}"
EndProject
Project("{FAE04EC0-301F-11D3-BF4B-00C04F79EFBC}") = "HWApp.iOS", "HWApp\HWApp.iOS\HWApp.iOS.csproj", "{88C9343F-EBE1-45FA-8210-B69EA5909D9B}"
EndProject
Project("{FAE04EC0-301F-11D3-BF4B-00C04F79EFBC}") = "HWApp.UWP", "HWApp\HWApp.UWP\HWApp.UWP.csproj", "{4C3F5DCA-7DF7-4B97-B238-3C517A322235}"
EndProject
Project("{FAE04EC0-301F-11D3-BF4B-00C04F79EFBC}") = "HWApp", "HWApp\HWApp\HWApp.csproj", "{612E1E65-A3ED-4505-9961-42B7E3224DC1}"
EndProject
Global
	GlobalSection(SolutionConfigurationPlatforms) = preSolution
		Ad-Hoc|Any CPU = Ad-Hoc|Any CPU
		Ad-Hoc|ARM = Ad-Hoc|ARM
		Ad-Hoc|iPhone = Ad-Hoc|iPhone
		Ad-Hoc|iPhoneSimulator = Ad-Hoc|iPhoneSimulator
		Ad-Hoc|x64 = Ad-Hoc|x64
		Ad-Hoc|x86 = Ad-Hoc|x86
		AppStore|Any CPU = AppStore|Any CPU
		AppStore|ARM = AppStore|ARM
		AppStore|iPhone = AppStore|iPhone
		AppStore|iPhoneSimulator = AppStore|iPhoneSimulator
		AppStore|x64 = AppStore|x64
		AppStore|x86 = AppStore|x86
		Debug|Any CPU = Debug|Any CPU
		Debug|ARM = Debug|ARM
		Debug|iPhone = Debug|iPhone
		Debug|iPhoneSimulator = Debug|iPhoneSimulator
		Debug|x64 = Debug|x64
		Debug|x86 = Debug|x86
		Release|Any CPU = Release|Any CPU
		Release|ARM = Release|ARM
		Release|iPhone = Release|iPhone
		Release|iPhoneSimulator = Release|iPhoneSimulator
		Release|x64 = Release|x64
		Release|x86 = Release|x86
	EndGlobalSection
	GlobalSection(ProjectConfigurationPlatforms) = postSolution
		{849C3343-A1C3-42CA-B0D4-6D5D9DE095EC}.Ad-Hoc|Any CPU.ActiveCfg = Release|Any CPU
		{849C3343-A1C3-42CA-B0D4-6D5D9DE095EC}.Ad-Hoc|Any CPU.Build.0 = Release|Any CPU
		{849C3343-A1C3-42CA-B0D4-6D5D9DE095EC}.Ad-Hoc|Any CPU.Deploy.0 = Release|Any CPU
		{849C3343-A1C3-42CA-B0D4-6D5D9DE095EC}.Ad-Hoc|ARM.ActiveCfg = Release|Any CPU
		{849C3343-A1C3-42CA-B0D4-6D5D9DE095EC}.Ad-Hoc|ARM.Build.0 = Release|Any CPU
		{849C3343-A1C3-42CA-B0D4-6D5D9DE095EC}.Ad-Hoc|ARM.Deploy.0 = Release|Any CPU
		{849C3343-A1C3-42CA-B0D4-6D5D9DE095EC}.Ad-Hoc|iPhone.ActiveCfg = Release|Any CPU
		{849C3343-A1C3-42CA-B0D4-6D5D9DE095EC}.Ad-Hoc|iPhone.Build.0 = Release|Any CPU
		{849C3343-A1C3-42CA-B0D4-6D5D9DE095EC}.Ad-Hoc|iPhone.Deploy.0 = Release|Any CPU
		{849C3343-A1C3-42CA-B0D4-6D5D9DE095EC}.Ad-Hoc|iPhoneSimulator.ActiveCfg = Release|Any CPU
		{849C3343-A1C3-42CA-B0D4-6D5D9DE095EC}.Ad-Hoc|iPhoneSimulator.Build.0 = Release|Any CPU
		{849C3343-A1C3-42CA-B0D4-6D5D9DE095EC}.Ad-Hoc|iPhoneSimulator.Deploy.0 = Release|Any CPU
		{849C3343-A1C3-42CA-B0D4-6D5D9DE095EC}.Ad-Hoc|x64.ActiveCfg = Release|Any CPU
		{849C3343-A1C3-42CA-B0D4-6D5D9DE095EC}.Ad-Hoc|x64.Build.0 = Release|Any CPU
		{849C3343-A1C3-42CA-B0D4-6D5D9DE095EC}.Ad-Hoc|x64.Deploy.0 = Release|Any CPU
		{849C3343-A1C3-42CA-B0D4-6D5D9DE095EC}.Ad-Hoc|x86.ActiveCfg = Release|Any CPU
		{849C3343-A1C3-42CA-B0D4-6D5D9DE095EC}.Ad-Hoc|x86.Build.0 = Release|Any CPU
		{849C3343-A1C3-42CA-B0D4-6D5D9DE095EC}.Ad-Hoc|x86.Deploy.0 = Release|Any CPU
		{849C3343-A1C3-42CA-B0D4-6D5D9DE095EC}.AppStore|Any CPU.ActiveCfg = Release|Any CPU
		{849C3343-A1C3-42CA-B0D4-6D5D9DE095EC}.AppStore|Any CPU.Build.0 = Release|Any CPU
		{849C3343-A1C3-42CA-B0D4-6D5D9DE095EC}.AppStore|Any CPU.Deploy.0 = Release|Any CPU
		{849C3343-A1C3-42CA-B0D4-6D5D9DE095EC}.AppStore|ARM.ActiveCfg = Release|Any CPU
		{849C3343-A1C3-42CA-B0D4-6D5D9DE095EC}.AppStore|ARM.Build.0 = Release|Any CPU
		{849C3343-A1C3-42CA-B0D4-6D5D9DE095EC}.AppStore|ARM.Deploy.0 = Release|Any CPU
		{849C3343-A1C3-42CA-B0D4-6D5D9DE095EC}.AppStore|iPhone.ActiveCfg = Release|Any CPU
		{849C3343-A1C3-42CA-B0D4-6D5D9DE095EC}.AppStore|iPhone.Build.0 = Release|Any CPU
		{849C3343-A1C3-42CA-B0D4-6D5D9DE095EC}.AppStore|iPhone.Deploy.0 = Release|Any CPU
		{849C3343-A1C3-42CA-B0D4-6D5D9DE095EC}.AppStore|iPhoneSimulator.ActiveCfg = Release|Any CPU
		{849C3343-A1C3-42CA-B0D4-6D5D9DE095EC}.AppStore|iPhoneSimulator.Build.0 = Release|Any CPU
		{849C3343-A1C3-42CA-B0D4-6D5D9DE095EC}.AppStore|iPhoneSimulator.Deploy.0 = Release|Any CPU
		{849C3343-A1C3-42CA-B0D4-6D5D9DE095EC}.AppStore|x64.ActiveCfg = Release|Any CPU
		{849C3343-A1C3-42CA-B0D4-6D5D9DE095EC}.AppStore|x64.Build.0 = Release|Any CPU
		{849C3343-A1C3-42CA-B0D4-6D5D9DE095EC}.AppStore|x64.Deploy.0 = Release|Any CPU
		{849C3343-A1C3-42CA-B0D4-6D5D9DE095EC}.AppStore|x86.ActiveCfg = Release|Any CPU
		{849C3343-A1C3-42CA-B0D4-6D5D9DE095EC}.AppStore|x86.Build.0 = Release|Any CPU
		{849C3343-A1C3-42CA-B0D4-6D5D9DE095EC}.AppStore|x86.Deploy.0 = Release|Any CPU
		{849C3343-A1C3-42CA-B0D4-6D5D9DE095EC}.Debug|Any CPU.ActiveCfg = Debug|Any CPU
		{849C3343-A1C3-42CA-B0D4-6D5D9DE095EC}.Debug|Any CPU.Build.0 = Debug|Any CPU
		{849C3343-A1C3-42CA-B0D4-6D5D9DE095EC}.Debug|Any CPU.Deploy.0 = Debug|Any CPU
		{849C3343-A1C3-42CA-B0D4-6D5D9DE095EC}.Debug|ARM.ActiveCfg = Debug|Any CPU
		{849C3343-A1C3-42CA-B0D4-6D5D9DE095EC}.Debug|ARM.Build.0 = Debug|Any CPU
		{849C3343-A1C3-42CA-B0D4-6D5D9DE095EC}.Debug|ARM.Deploy.0 = Debug|Any CPU
		{849C3343-A1C3-42CA-B0D4-6D5D9DE095EC}.Debug|iPhone.ActiveCfg = Debug|Any CPU
		{849C3343-A1C3-42CA-B0D4-6D5D9DE095EC}.Debug|iPhone.Build.0 = Debug|Any CPU
		{849C3343-A1C3-42CA-B0D4-6D5D9DE095EC}.Debug|iPhone.Deploy.0 = Debug|Any CPU
		{849C3343-A1C3-42CA-B0D4-6D5D9DE095EC}.Debug|iPhoneSimulator.ActiveCfg = Debug|Any CPU
		{849C3343-A1C3-42CA-B0D4-6D5D9DE095EC}.Debug|iPhoneSimulator.Build.0 = Debug|Any CPU
		{849C3343-A1C3-42CA-B0D4-6D5D9DE095EC}.Debug|iPhoneSimulator.Deploy.0 = Debug|Any CPU
		{849C3343-A1C3-42CA-B0D4-6D5D9DE095EC}.Debug|x64.ActiveCfg = Debug|Any CPU
		{849C3343-A1C3-42CA-B0D4-6D5D9DE095EC}.Debug|x64.Build.0 = Debug|Any CPU
		{849C3343-A1C3-42CA-B0D4-6D5D9DE095EC}.Debug|x64.Deploy.0 = Debug|Any CPU
		{849C3343-A1C3-42CA-B0D4-6D5D9DE095EC}.Debug|x86.ActiveCfg = Debug|Any CPU
		{849C3343-A1C3-42CA-B0D4-6D5D9DE095EC}.Debug|x86.Build.0 = Debug|Any CPU
		{849C3343-A1C3-42CA-B0D4-6D5D9DE095EC}.Debug|x86.Deploy.0 = Debug|Any CPU
		{849C3343-A1C3-42CA-B0D4-6D5D9DE095EC}.Release|Any CPU.ActiveCfg = Release|Any CPU
		{849C3343-A1C3-42CA-B0D4-6D5D9DE095EC}.Release|Any CPU.Build.0 = Release|Any CPU
		{849C3343-A1C3-42CA-B0D4-6D5D9DE095EC}.Release|Any CPU.Deploy.0 = Release|Any CPU
		{849C3343-A1C3-42CA-B0D4-6D5D9DE095EC}.Release|ARM.ActiveCfg = Release|Any CPU
		{849C3343-A1C3-42CA-B0D4-6D5D9DE095EC}.Release|ARM.Build.0 = Release|Any CPU
		{849C3343-A1C3-42CA-B0D4-6D5D9DE095EC}.Release|ARM.Deploy.0 = Release|Any CPU
		{849C3343-A1C3-42CA-B0D4-6D5D9DE095EC}.Release|iPhone.ActiveCfg = Release|Any CPU
		{849C3343-A1C3-42CA-B0D4-6D5D9DE095EC}.Release|iPhone.Build.0 = Release|Any CPU
		{849C3343-A1C3-42CA-B0D4-6D5D9DE095EC}.Release|iPhone.Deploy.0 = Release|Any CPU
		{849C3343-A1C3-42CA-B0D4-6D5D9DE095EC}.Release|iPhoneSimulator.ActiveCfg = Release|Any CPU
		{849C3343-A1C3-42CA-B0D4-6D5D9DE095EC}.Release|iPhoneSimulator.Build.0 = Release|Any CPU
		{849C3343-A1C3-42CA-B0D4-6D5D9DE095EC}.Release|iPhoneSimulator.Deploy.0 = Release|Any CPU
		{849C3343-A1C3-42CA-B0D4-6D5D9DE095EC}.Release|x64.ActiveCfg = Release|Any CPU
		{849C3343-A1C3-42CA-B0D4-6D5D9DE095EC}.Release|x64.Build.0 = Release|Any CPU
		{849C3343-A1C3-42CA-B0D4-6D5D9DE095EC}.Release|x64.Deploy.0 = Release|Any CPU
		{849C3343-A1C3-42CA-B0D4-6D5D9DE095EC}.Release|x86.ActiveCfg = Release|Any CPU
		{849C3343-A1C3-42CA-B0D4-6D5D9DE095EC}.Release|x86.Build.0 = Release|Any CPU
		{849C3343-A1C3-42CA-B0D4-6D5D9DE095EC}.Release|x86.Deploy.0 = Release|Any CPU
		{88C9343F-EBE1-45FA-8210-B69EA5909D9B}.Ad-Hoc|Any CPU.ActiveCfg = Ad-Hoc|iPhone
		{88C9343F-EBE1-45FA-8210-B69EA5909D9B}.Ad-Hoc|ARM.ActiveCfg = Ad-Hoc|iPhone
		{88C9343F-EBE1-45FA-8210-B69EA5909D9B}.Ad-Hoc|iPhone.ActiveCfg = Ad-Hoc|iPhone
		{88C9343F-EBE1-45FA-8210-B69EA5909D9B}.Ad-Hoc|iPhone.Build.0 = Ad-Hoc|iPhone
		{88C9343F-EBE1-45FA-8210-B69EA5909D9B}.Ad-Hoc|iPhoneSimulator.ActiveCfg = Ad-Hoc|iPhoneSimulator
		{88C9343F-EBE1-45FA-8210-B69EA5909D9B}.Ad-Hoc|iPhoneSimulator.Build.0 = Ad-Hoc|iPhoneSimulator
		{88C9343F-EBE1-45FA-8210-B69EA5909D9B}.Ad-Hoc|x64.ActiveCfg = Ad-Hoc|iPhone
		{88C9343F-EBE1-45FA-8210-B69EA5909D9B}.Ad-Hoc|x86.ActiveCfg = Ad-Hoc|iPhone
		{88C9343F-EBE1-45FA-8210-B69EA5909D9B}.AppStore|Any CPU.ActiveCfg = AppStore|iPhone
		{88C9343F-EBE1-45FA-8210-B69EA5909D9B}.AppStore|ARM.ActiveCfg = AppStore|iPhone
		{88C9343F-EBE1-45FA-8210-B69EA5909D9B}.AppStore|iPhone.ActiveCfg = AppStore|iPhone
		{88C9343F-EBE1-45FA-8210-B69EA5909D9B}.AppStore|iPhone.Build.0 = AppStore|iPhone
		{88C9343F-EBE1-45FA-8210-B69EA5909D9B}.AppStore|iPhoneSimulator.ActiveCfg = AppStore|iPhoneSimulator
		{88C9343F-EBE1-45FA-8210-B69EA5909D9B}.AppStore|iPhoneSimulator.Build.0 = AppStore|iPhoneSimulator
		{88C9343F-EBE1-45FA-8210-B69EA5909D9B}.AppStore|x64.ActiveCfg = AppStore|iPhone
		{88C9343F-EBE1-45FA-8210-B69EA5909D9B}.AppStore|x86.ActiveCfg = AppStore|iPhone
		{88C9343F-EBE1-45FA-8210-B69EA5909D9B}.Debug|Any CPU.ActiveCfg = Debug|iPhone
		{88C9343F-EBE1-45FA-8210-B69EA5909D9B}.Debug|ARM.ActiveCfg = Debug|iPhone
		{88C9343F-EBE1-45FA-8210-B69EA5909D9B}.Debug|iPhone.ActiveCfg = Debug|iPhone
		{88C9343F-EBE1-45FA-8210-B69EA5909D9B}.Debug|iPhone.Build.0 = Debug|iPhone
		{88C9343F-EBE1-45FA-8210-B69EA5909D9B}.Debug|iPhoneSimulator.ActiveCfg = Debug|iPhoneSimulator
		{88C9343F-EBE1-45FA-8210-B69EA5909D9B}.Debug|iPhoneSimulator.Build.0 = Debug|iPhoneSimulator
		{88C9343F-EBE1-45FA-8210-B69EA5909D9B}.Debug|x64.ActiveCfg = Debug|iPhone
		{88C9343F-EBE1-45FA-8210-B69EA5909D9B}.Debug|x86.ActiveCfg = Debug|iPhone
		{88C9343F-EBE1-45FA-8210-B69EA5909D9B}.Release|Any CPU.ActiveCfg = Release|iPhone
		{88C9343F-EBE1-45FA-8210-B69EA5909D9B}.Release|ARM.ActiveCfg = Release|iPhone
		{88C9343F-EBE1-45FA-8210-B69EA5909D9B}.Release|iPhone.ActiveCfg = Release|iPhone
		{88C9343F-EBE1-45FA-8210-B69EA5909D9B}.Release|iPhone.Build.0 = Release|iPhone
		{88C9343F-EBE1-45FA-8210-B69EA5909D9B}.Release|iPhoneSimulator.ActiveCfg = Release|iPhoneSimulator
		{88C9343F-EBE1-45FA-8210-B69EA5909D9B}.Release|iPhoneSimulator.Build.0 = Release|iPhoneSimulator
		{88C9343F-EBE1-45FA-8210-B69EA5909D9B}.Release|x64.ActiveCfg = Release|iPhone
		{88C9343F-EBE1-45FA-8210-B69EA5909D9B}.Release|x86.ActiveCfg = Release|iPhone
		{4C3F5DCA-7DF7-4B97-B238-3C517A322235}.Ad-Hoc|Any CPU.ActiveCfg = Release|x86
		{4C3F5DCA-7DF7-4B97-B238-3C517A322235}.Ad-Hoc|Any CPU.Build.0 = Release|x86
		{4C3F5DCA-7DF7-4B97-B238-3C517A322235}.Ad-Hoc|Any CPU.Deploy.0 = Release|x86
		{4C3F5DCA-7DF7-4B97-B238-3C517A322235}.Ad-Hoc|ARM.ActiveCfg = Release|ARM
		{4C3F5DCA-7DF7-4B97-B238-3C517A322235}.Ad-Hoc|ARM.Build.0 = Release|ARM
		{4C3F5DCA-7DF7-4B97-B238-3C517A322235}.Ad-Hoc|ARM.Deploy.0 = Release|ARM
		{4C3F5DCA-7DF7-4B97-B238-3C517A322235}.Ad-Hoc|iPhone.ActiveCfg = Release|x86
		{4C3F5DCA-7DF7-4B97-B238-3C517A322235}.Ad-Hoc|iPhone.Build.0 = Release|x86
		{4C3F5DCA-7DF7-4B97-B238-3C517A322235}.Ad-Hoc|iPhone.Deploy.0 = Release|x86
		{4C3F5DCA-7DF7-4B97-B238-3C517A322235}.Ad-Hoc|iPhoneSimulator.ActiveCfg = Release|x86
		{4C3F5DCA-7DF7-4B97-B238-3C517A322235}.Ad-Hoc|iPhoneSimulator.Build.0 = Release|x86
		{4C3F5DCA-7DF7-4B97-B238-3C517A322235}.Ad-Hoc|iPhoneSimulator.Deploy.0 = Release|x86
		{4C3F5DCA-7DF7-4B97-B238-3C517A322235}.Ad-Hoc|x64.ActiveCfg = Release|x64
		{4C3F5DCA-7DF7-4B97-B238-3C517A322235}.Ad-Hoc|x64.Build.0 = Release|x64
		{4C3F5DCA-7DF7-4B97-B238-3C517A322235}.Ad-Hoc|x64.Deploy.0 = Release|x64
		{4C3F5DCA-7DF7-4B97-B238-3C517A322235}.Ad-Hoc|x86.ActiveCfg = Release|x86
		{4C3F5DCA-7DF7-4B97-B238-3C517A322235}.Ad-Hoc|x86.Build.0 = Release|x86
		{4C3F5DCA-7DF7-4B97-B238-3C517A322235}.Ad-Hoc|x86.Deploy.0 = Release|x86
		{4C3F5DCA-7DF7-4B97-B238-3C517A322235}.AppStore|Any CPU.ActiveCfg = Release|x86
		{4C3F5DCA-7DF7-4B97-B238-3C517A322235}.AppStore|Any CPU.Build.0 = Release|x86
		{4C3F5DCA-7DF7-4B97-B238-3C517A322235}.AppStore|Any CPU.Deploy.0 = Release|x86
		{4C3F5DCA-7DF7-4B97-B238-3C517A322235}.AppStore|ARM.ActiveCfg = Release|ARM
		{4C3F5DCA-7DF7-4B97-B238-3C517A322235}.AppStore|ARM.Build.0 = Release|ARM
		{4C3F5DCA-7DF7-4B97-B238-3C517A322235}.AppStore|ARM.Deploy.0 = Release|ARM
		{4C3F5DCA-7DF7-4B97-B238-3C517A322235}.AppStore|iPhone.ActiveCfg = Release|x86
		{4C3F5DCA-7DF7-4B97-B238-3C517A322235}.AppStore|iPhone.Build.0 = Release|x86
		{4C3F5DCA-7DF7-4B97-B238-3C517A322235}.AppStore|iPhone.Deploy.0 = Release|x86
		{4C3F5DCA-7DF7-4B97-B238-3C517A322235}.AppStore|iPhoneSimulator.ActiveCfg = Release|x86
		{4C3F5DCA-7DF7-4B97-B238-3C517A322235}.AppStore|iPhoneSimulator.Build.0 = Release|x86
		{4C3F5DCA-7DF7-4B97-B238-3C517A322235}.AppStore|iPhoneSimulator.Deploy.0 = Release|x86
		{4C3F5DCA-7DF7-4B97-B238-3C517A322235}.AppStore|x64.ActiveCfg = Release|x64
		{4C3F5DCA-7DF7-4B97-B238-3C517A322235}.AppStore|x64.Build.0 = Release|x64
		{4C3F5DCA-7DF7-4B97-B238-3C517A322235}.AppStore|x64.Deploy.0 = Release|x64
		{4C3F5DCA-7DF7-4B97-B238-3C517A322235}.AppStore|x86.ActiveCfg = Release|x86
		{4C3F5DCA-7DF7-4B97-B238-3C517A322235}.AppStore|x86.Build.0 = Release|x86
		{4C3F5DCA-7DF7-4B97-B238-3C517A322235}.AppStore|x86.Deploy.0 = Release|x86
		{4C3F5DCA-7DF7-4B97-B238-3C517A322235}.Debug|Any CPU.ActiveCfg = Debug|x86
		{4C3F5DCA-7DF7-4B97-B238-3C517A322235}.Debug|ARM.ActiveCfg = Debug|ARM
		{4C3F5DCA-7DF7-4B97-B238-3C517A322235}.Debug|ARM.Build.0 = Debug|ARM
		{4C3F5DCA-7DF7-4B97-B238-3C517A322235}.Debug|ARM.Deploy.0 = Debug|ARM
		{4C3F5DCA-7DF7-4B97-B238-3C517A322235}.Debug|iPhone.ActiveCfg = Debug|x86
		{4C3F5DCA-7DF7-4B97-B238-3C517A322235}.Debug|iPhoneSimulator.ActiveCfg = Debug|x86
		{4C3F5DCA-7DF7-4B97-B238-3C517A322235}.Debug|x64.ActiveCfg = Debug|x64
		{4C3F5DCA-7DF7-4B97-B238-3C517A322235}.Debug|x64.Build.0 = Debug|x64
		{4C3F5DCA-7DF7-4B97-B238-3C517A322235}.Debug|x64.Deploy.0 = Debug|x64
		{4C3F5DCA-7DF7-4B97-B238-3C517A322235}.Debug|x86.ActiveCfg = Debug|x86
		{4C3F5DCA-7DF7-4B97-B238-3C517A322235}.Debug|x86.Build.0 = Debug|x86
		{4C3F5DCA-7DF7-4B97-B238-3C517A322235}.Debug|x86.Deploy.0 = Debug|x86
		{4C3F5DCA-7DF7-4B97-B238-3C517A322235}.Release|Any CPU.ActiveCfg = Release|x86
		{4C3F5DCA-7DF7-4B97-B238-3C517A322235}.Release|ARM.ActiveCfg = Release|ARM
		{4C3F5DCA-7DF7-4B97-B238-3C517A322235}.Release|ARM.Build.0 = Release|ARM
		{4C3F5DCA-7DF7-4B97-B238-3C517A322235}.Release|ARM.Deploy.0 = Release|ARM
		{4C3F5DCA-7DF7-4B97-B238-3C517A322235}.Release|iPhone.ActiveCfg = Release|x86
		{4C3F5DCA-7DF7-4B97-B238-3C517A322235}.Release|iPhoneSimulator.ActiveCfg = Release|x86
		{4C3F5DCA-7DF7-4B97-B238-3C517A322235}.Release|x64.ActiveCfg = Release|x64
		{4C3F5DCA-7DF7-4B97-B238-3C517A322235}.Release|x64.Build.0 = Release|x64
		{4C3F5DCA-7DF7-4B97-B238-3C517A322235}.Release|x64.Deploy.0 = Release|x64
		{4C3F5DCA-7DF7-4B97-B238-3C517A322235}.Release|x86.ActiveCfg = Release|x86
		{4C3F5DCA-7DF7-4B97-B238-3C517A322235}.Release|x86.Build.0 = Release|x86
		{4C3F5DCA-7DF7-4B97-B238-3C517A322235}.Release|x86.Deploy.0 = Release|x86
		{612E1E65-A3ED-4505-9961-42B7E3224DC1}.Ad-Hoc|Any CPU.ActiveCfg = Debug|Any CPU
		{612E1E65-A3ED-4505-9961-42B7E3224DC1}.Ad-Hoc|Any CPU.Build.0 = Debug|Any CPU
		{612E1E65-A3ED-4505-9961-42B7E3224DC1}.Ad-Hoc|ARM.ActiveCfg = Debug|Any CPU
		{612E1E65-A3ED-4505-9961-42B7E3224DC1}.Ad-Hoc|ARM.Build.0 = Debug|Any CPU
		{612E1E65-A3ED-4505-9961-42B7E3224DC1}.Ad-Hoc|iPhone.ActiveCfg = Debug|Any CPU
		{612E1E65-A3ED-4505-9961-42B7E3224DC1}.Ad-Hoc|iPhone.Build.0 = Debug|Any CPU
		{612E1E65-A3ED-4505-9961-42B7E3224DC1}.Ad-Hoc|iPhoneSimulator.ActiveCfg = Debug|Any CPU
		{612E1E65-A3ED-4505-9961-42B7E3224DC1}.Ad-Hoc|iPhoneSimulator.Build.0 = Debug|Any CPU
		{612E1E65-A3ED-4505-9961-42B7E3224DC1}.Ad-Hoc|x64.ActiveCfg = Debug|Any CPU
		{612E1E65-A3ED-4505-9961-42B7E3224DC1}.Ad-Hoc|x64.Build.0 = Debug|Any CPU
		{612E1E65-A3ED-4505-9961-42B7E3224DC1}.Ad-Hoc|x86.ActiveCfg = Debug|Any CPU
		{612E1E65-A3ED-4505-9961-42B7E3224DC1}.Ad-Hoc|x86.Build.0 = Debug|Any CPU
		{612E1E65-A3ED-4505-9961-42B7E3224DC1}.AppStore|Any CPU.ActiveCfg = Debug|Any CPU
		{612E1E65-A3ED-4505-9961-42B7E3224DC1}.AppStore|Any CPU.Build.0 = Debug|Any CPU
		{612E1E65-A3ED-4505-9961-42B7E3224DC1}.AppStore|ARM.ActiveCfg = Debug|Any CPU
		{612E1E65-A3ED-4505-9961-42B7E3224DC1}.AppStore|ARM.Build.0 = Debug|Any CPU
		{612E1E65-A3ED-4505-9961-42B7E3224DC1}.AppStore|iPhone.ActiveCfg = Debug|Any CPU
		{612E1E65-A3ED-4505-9961-42B7E3224DC1}.AppStore|iPhone.Build.0 = Debug|Any CPU
		{612E1E65-A3ED-4505-9961-42B7E3224DC1}.AppStore|iPhoneSimulator.ActiveCfg = Debug|Any CPU
		{612E1E65-A3ED-4505-9961-42B7E3224DC1}.AppStore|iPhoneSimulator.Build.0 = Debug|Any CPU
		{612E1E65-A3ED-4505-9961-42B7E3224DC1}.AppStore|x64.ActiveCfg = Debug|Any CPU
		{612E1E65-A3ED-4505-9961-42B7E3224DC1}.AppStore|x64.Build.0 = Debug|Any CPU
		{612E1E65-A3ED-4505-9961-42B7E3224DC1}.AppStore|x86.ActiveCfg = Debug|Any CPU
		{612E1E65-A3ED-4505-9961-42B7E3224DC1}.AppStore|x86.Build.0 = Debug|Any CPU
		{612E1E65-A3ED-4505-9961-42B7E3224DC1}.Debug|Any CPU.ActiveCfg = Debug|Any CPU
		{612E1E65-A3ED-4505-9961-42B7E3224DC1}.Debug|Any CPU.Build.0 = Debug|Any CPU
		{612E1E65-A3ED-4505-9961-42B7E3224DC1}.Debug|ARM.ActiveCfg = Debug|Any CPU
		{612E1E65-A3ED-4505-9961-42B7E3224DC1}.Debug|ARM.Build.0 = Debug|Any CPU
		{612E1E65-A3ED-4505-9961-42B7E3224DC1}.Debug|iPhone.ActiveCfg = Debug|Any CPU
		{612E1E65-A3ED-4505-9961-42B7E3224DC1}.Debug|iPhone.Build.0 = Debug|Any CPU
		{612E1E65-A3ED-4505-9961-42B7E3224DC1}.Debug|iPhoneSimulator.ActiveCfg = Debug|Any CPU
		{612E1E65-A3ED-4505-9961-42B7E3224DC1}.Debug|iPhoneSimulator.Build.0 = Debug|Any CPU
		{612E1E65-A3ED-4505-9961-42B7E3224DC1}.Debug|x64.ActiveCfg = Debug|Any CPU
		{612E1E65-A3ED-4505-9961-42B7E3224DC1}.Debug|x64.Build.0 = Debug|Any CPU
		{612E1E65-A3ED-4505-9961-42B7E3224DC1}.Debug|x86.ActiveCfg = Debug|Any CPU
		{612E1E65-A3ED-4505-9961-42B7E3224DC1}.Debug|x86.Build.0 = Debug|Any CPU
		{612E1E65-A3ED-4505-9961-42B7E3224DC1}.Release|Any CPU.ActiveCfg = Release|Any CPU
		{612E1E65-A3ED-4505-9961-42B7E3224DC1}.Release|Any CPU.Build.0 = Release|Any CPU
		{612E1E65-A3ED-4505-9961-42B7E3224DC1}.Release|ARM.ActiveCfg = Release|Any CPU
		{612E1E65-A3ED-4505-9961-42B7E3224DC1}.Release|ARM.Build.0 = Release|Any CPU
		{612E1E65-A3ED-4505-9961-42B7E3224DC1}.Release|iPhone.ActiveCfg = Release|Any CPU
		{612E1E65-A3ED-4505-9961-42B7E3224DC1}.Release|iPhone.Build.0 = Release|Any CPU
		{612E1E65-A3ED-4505-9961-42B7E3224DC1}.Release|iPhoneSimulator.ActiveCfg = Release|Any CPU
		{612E1E65-A3ED-4505-9961-42B7E3224DC1}.Release|iPhoneSimulator.Build.0 = Release|Any CPU
		{612E1E65-A3ED-4505-9961-42B7E3224DC1}.Release|x64.ActiveCfg = Release|Any CPU
		{612E1E65-A3ED-4505-9961-42B7E3224DC1}.Release|x64.Build.0 = Release|Any CPU
		{612E1E65-A3ED-4505-9961-42B7E3224DC1}.Release|x86.ActiveCfg = Release|Any CPU
		{612E1E65-A3ED-4505-9961-42B7E3224DC1}.Release|x86.Build.0 = Release|Any CPU
	EndGlobalSection
	GlobalSection(SolutionProperties) = preSolution
		HideSolutionNode = FALSE
	EndGlobalSection
	GlobalSection(ExtensibilityGlobals) = postSolution
		SolutionGuid = {31B148A0-2576-415B-A9DE-8D65E4A37956}
	EndGlobalSection
EndGlobal
